
Microsoft Visual Studio Solution File, Format Version 12.00
# Visual Studio Version 16
VisualStudioVersion = 16.0.28803.452
MinimumVisualStudioVersion = 10.0.40219.1
Project("{FAE04EC0-301F-11D3-BF4B-00C04F79EFBC}") = "WindowsFormsApp1", "WindowsFormsApp1.csproj", "{937D4A0E-503C-49F1-8063-CCD74A2B916E}"
EndProject
Global
	GlobalSection(SolutionConfigurationPlatforms) = preSolution
		Debug|Any CPU = Debug|Any CPU
		Release|Any CPU = Release|Any CPU
	EndGlobalSection
	GlobalSection(ProjectConfigurationPlatforms) = postSolution
		{937D4A0E-503C-49F1-8063-CCD74A2B916E}.Debug|Any CPU.ActiveCfg = Debug|Any CPU
		{937D4A0E-503C-49F1-8063-CCD74A2B916E}.Debug|Any CPU.Build.0 = Debug|Any CPU
		{937D4A0E-503C-49F1-8063-CCD74A2B916E}.Release|Any CPU.ActiveCfg = Release|Any CPU
		{937D4A0E-503C-49F1-8063-CCD74A2B916E}.Release|Any CPU.Build.0 = Release|Any CPU
	EndGlobalSection
	GlobalSection(SolutionProperties) = preSolution
		HideSolutionNode = FALSE
	EndGlobalSection
	GlobalSection(ExtensibilityGlobals) = postSolution
		SolutionGuid = {9F919968-3F96-4795-A2BF-09AF4F7A93FF}
	EndGlobalSection
EndGlobal
